// !$*UTF8*$!
{
	archiveVersion = 1;
	classes = {
	};
	objectVersion = 77;
	objects = {

/* Begin PBXBuildFile section */
		0C3684F7180A98FFFB9FE808 /* payment_steps.json in Resources */ = {isa = PBXBuildFile; fileRef = 15E4C429A1B68CBAA781EE5C /* payment_steps.json */; };
		104FA22614904CEDF26C58A0 /* OnboardingView.swift in Sources */ = {isa = PBXBuildFile; fileRef = 453E3E7CEC785D4E23852C35 /* OnboardingView.swift */; };
		1317EE0613B9233C5A27A83F /* cards.json in Resources */ = {isa = PBXBuildFile; fileRef = 617A84BBEC2892E85125D2E7 /* cards.json */; };
		16D5CA543E7B518B8DFBE239 /* PaymentWizardView.swift in Sources */ = {isa = PBXBuildFile; fileRef = 6F847446033E5C2AA8D51C41 /* PaymentWizardView.swift */; };
		2444DBB4804BBE5BBF5646FD /* Color+Hex.swift in Sources */ = {isa = PBXBuildFile; fileRef = B6844947C31B61BA09CC2E6F /* Color+Hex.swift */; };
		25F1BB89DA5220564DA02C1F /* CardLibraryViewModel.swift in Sources */ = {isa = PBXBuildFile; fileRef = 3E786E6BFECD182EC4672F01 /* CardLibraryViewModel.swift */; };
		2E55E4D953C0C7A26C0B4EFC /* AppState.swift in Sources */ = {isa = PBXBuildFile; fileRef = DF5BBC3818D9DEDECA1E66E0 /* AppState.swift */; };
		3BC0C8EF7AFABD044868A3A3 /* PaymentWizardViewModel.swift in Sources */ = {isa = PBXBuildFile; fileRef = 644E075540990884EE0C9AF0 /* PaymentWizardViewModel.swift */; };
		40FCD0397F8BE626CBFCEDD8 /* FavouritesStore.swift in Sources */ = {isa = PBXBuildFile; fileRef = 5ED53C7F487F31104F863207 /* FavouritesStore.swift */; };
		411BBD892AFAF84C6AC8BA83 /* LaowaiApp.swift in Sources */ = {isa = PBXBuildFile; fileRef = 1FF2C8F1F0C9B8A4B8717593 /* LaowaiApp.swift */; };
		4958FD2B94B01429D86F1273 /* PaymentStepView.swift in Sources */ = {isa = PBXBuildFile; fileRef = A5C11BCBCC3B85ADD15D5E9B /* PaymentStepView.swift */; };
		4C0FF976F41C7DD807FE4F2F /* CameraViewModel.swift in Sources */ = {isa = PBXBuildFile; fileRef = B0E07AD4E08FB59056B4DA29 /* CameraViewModel.swift */; };
		4C8792AD24E22DA7B10DDD62 /* CardLibraryView.swift in Sources */ = {isa = PBXBuildFile; fileRef = CE2E5F07B44525B94E4916C0 /* CardLibraryView.swift */; };
		84F6E0458D1C59FF24FEC6AA /* PaymentStep.swift in Sources */ = {isa = PBXBuildFile; fileRef = 3DDDDC5E0D99C758F06F2F7B /* PaymentStep.swift */; };
		8B66658447C21421888199AD /* CameraTranslateView.swift in Sources */ = {isa = PBXBuildFile; fileRef = 6CA5F5E96F0636C049451796 /* CameraTranslateView.swift */; };
		D1ED56F8CD1DC7C4D16C17F6 /* JourneyView.swift in Sources */ = {isa = PBXBuildFile; fileRef = C9308771F8BEA2E6976A46C6 /* JourneyView.swift */; };
		D23A5B66CF493A8705938238 /* Card.swift in Sources */ = {isa = PBXBuildFile; fileRef = 5E71758195DDBF9ACA753E16 /* Card.swift */; };
		D296CC00475CD32D8873FD7F /* HomeView.swift in Sources */ = {isa = PBXBuildFile; fileRef = 7417ADC103DDD193E2AC3E52 /* HomeView.swift */; };
		E35D9AF2759DCD674ED6BB7B /* ShowAndPointView.swift in Sources */ = {isa = PBXBuildFile; fileRef = 9CD6B5F7662A75AE7B92C735 /* ShowAndPointView.swift */; };
		FFB0EC13EC4D8B364466415E /* Assets.xcassets in Resources */ = {isa = PBXBuildFile; fileRef = 4825B1E8D3F4481F897EE61B /* Assets.xcassets */; };
/* End PBXBuildFile section */

/* Begin PBXFileReference section */
		15E4C429A1B68CBAA781EE5C /* payment_steps.json */ = {isa = PBXFileReference; lastKnownFileType = text.json; path = payment_steps.json; sourceTree = "<group>"; };
		1FF2C8F1F0C9B8A4B8717593 /* LaowaiApp.swift */ = {isa = PBXFileReference; lastKnownFileType = sourcecode.swift; path = LaowaiApp.swift; sourceTree = "<group>"; };
		3DDDDC5E0D99C758F06F2F7B /* PaymentStep.swift */ = {isa = PBXFileReference; lastKnownFileType = sourcecode.swift; path = PaymentStep.swift; sourceTree = "<group>"; };
		3E786E6BFECD182EC4672F01 /* CardLibraryViewModel.swift */ = {isa = PBXFileReference; lastKnownFileType = sourcecode.swift; path = CardLibraryViewModel.swift; sourceTree = "<group>"; };
		453E3E7CEC785D4E23852C35 /* OnboardingView.swift */ = {isa = PBXFileReference; lastKnownFileType = sourcecode.swift; path = OnboardingView.swift; sourceTree = "<group>"; };
		4825B1E8D3F4481F897EE61B /* Assets.xcassets */ = {isa = PBXFileReference; lastKnownFileType = folder.assetcatalog; path = Assets.xcassets; sourceTree = "<group>"; };
		5E71758195DDBF9ACA753E16 /* Card.swift */ = {isa = PBXFileReference; lastKnownFileType = sourcecode.swift; path = Card.swift; sourceTree = "<group>"; };
		5ED53C7F487F31104F863207 /* FavouritesStore.swift */ = {isa = PBXFileReference; lastKnownFileType = sourcecode.swift; path = FavouritesStore.swift; sourceTree = "<group>"; };
		617A84BBEC2892E85125D2E7 /* cards.json */ = {isa = PBXFileReference; lastKnownFileType = text.json; path = cards.json; sourceTree = "<group>"; };
		644E075540990884EE0C9AF0 /* PaymentWizardViewModel.swift */ = {isa = PBXFileReference; lastKnownFileType = sourcecode.swift; path = PaymentWizardViewModel.swift; sourceTree = "<group>"; };
		6CA5F5E96F0636C049451796 /* CameraTranslateView.swift */ = {isa = PBXFileReference; lastKnownFileType = sourcecode.swift; path = CameraTranslateView.swift; sourceTree = "<group>"; };
		6F847446033E5C2AA8D51C41 /* PaymentWizardView.swift */ = {isa = PBXFileReference; lastKnownFileType = sourcecode.swift; path = PaymentWizardView.swift; sourceTree = "<group>"; };
		7417ADC103DDD193E2AC3E52 /* HomeView.swift */ = {isa = PBXFileReference; lastKnownFileType = sourcecode.swift; path = HomeView.swift; sourceTree = "<group>"; };
		7D1736CCFE3B8CECD4EA2EBE /* Info.plist */ = {isa = PBXFileReference; lastKnownFileType = text.plist; path = Info.plist; sourceTree = "<group>"; };
		8BA7E4D67CF3A7F95DED7A5E /* Laowai.app */ = {isa = PBXFileReference; includeInIndex = 0; lastKnownFileType = wrapper.application; path = Laowai.app; sourceTree = BUILT_PRODUCTS_DIR; };
		9CD6B5F7662A75AE7B92C735 /* ShowAndPointView.swift */ = {isa = PBXFileReference; lastKnownFileType = sourcecode.swift; path = ShowAndPointView.swift; sourceTree = "<group>"; };
		A5C11BCBCC3B85ADD15D5E9B /* PaymentStepView.swift */ = {isa = PBXFileReference; lastKnownFileType = sourcecode.swift; path = PaymentStepView.swift; sourceTree = "<group>"; };
		B0E07AD4E08FB59056B4DA29 /* CameraViewModel.swift */ = {isa = PBXFileReference; lastKnownFileType = sourcecode.swift; path = CameraViewModel.swift; sourceTree = "<group>"; };
		B6844947C31B61BA09CC2E6F /* Color+Hex.swift */ = {isa = PBXFileReference; lastKnownFileType = sourcecode.swift; path = "Color+Hex.swift"; sourceTree = "<group>"; };
		C9308771F8BEA2E6976A46C6 /* JourneyView.swift */ = {isa = PBXFileReference; lastKnownFileType = sourcecode.swift; path = JourneyView.swift; sourceTree = "<group>"; };
		CE2E5F07B44525B94E4916C0 /* CardLibraryView.swift */ = {isa = PBXFileReference; lastKnownFileType = sourcecode.swift; path = CardLibraryView.swift; sourceTree = "<group>"; };
		DF5BBC3818D9DEDECA1E66E0 /* AppState.swift */ = {isa = PBXFileReference; lastKnownFileType = sourcecode.swift; path = AppState.swift; sourceTree = "<group>"; };
/* End PBXFileReference section */

/* Begin PBXGroup section */
		294FC4B1D26D6BEC309114BB /* Journey */ = {
			isa = PBXGroup;
			children = (
				C9308771F8BEA2E6976A46C6 /* JourneyView.swift */,
			);
			path = Journey;
			sourceTree = "<group>";
		};
		2F5A34F5555557E4DAB42207 /* Translate */ = {
			isa = PBXGroup;
			children = (
				6CA5F5E96F0636C049451796 /* CameraTranslateView.swift */,
			);
			path = Translate;
			sourceTree = "<group>";
		};
		5AF7A56ED2E56A89E430C395 /* Products */ = {
			isa = PBXGroup;
			children = (
				8BA7E4D67CF3A7F95DED7A5E /* Laowai.app */,
			);
			name = Products;
			sourceTree = "<group>";
		};
		68F35EC780493AAE5F3D8275 /* Laowai */ = {
			isa = PBXGroup;
			children = (
				DF5BBC3818D9DEDECA1E66E0 /* AppState.swift */,
				7D1736CCFE3B8CECD4EA2EBE /* Info.plist */,
				1FF2C8F1F0C9B8A4B8717593 /* LaowaiApp.swift */,
				98162A569508A3FAD368E6FF /* Extensions */,
				EBD5A5514117072DB2C3D404 /* Models */,
				993A9A20D95B91BBDAA646B7 /* Resources */,
				CC2F2FC32762382C7C205AB6 /* ViewModels */,
				A20FB018C4D62E8FAD982385 /* Views */,
			);
			path = Laowai;
			sourceTree = "<group>";
		};
		697002FA3DCC3C101538827A /* Cards */ = {
			isa = PBXGroup;
			children = (
				CE2E5F07B44525B94E4916C0 /* CardLibraryView.swift */,
				9CD6B5F7662A75AE7B92C735 /* ShowAndPointView.swift */,
			);
			path = Cards;
			sourceTree = "<group>";
		};
		7A068A500804CBDD762F73FD = {
			isa = PBXGroup;
			children = (
				68F35EC780493AAE5F3D8275 /* Laowai */,
				5AF7A56ED2E56A89E430C395 /* Products */,
			);
			sourceTree = "<group>";
		};
		83573C1C73939B31301DC19F /* Onboarding */ = {
			isa = PBXGroup;
			children = (
				453E3E7CEC785D4E23852C35 /* OnboardingView.swift */,
			);
			path = Onboarding;
			sourceTree = "<group>";
		};
		98162A569508A3FAD368E6FF /* Extensions */ = {
			isa = PBXGroup;
			children = (
				B6844947C31B61BA09CC2E6F /* Color+Hex.swift */,
			);
			path = Extensions;
			sourceTree = "<group>";
		};
		993A9A20D95B91BBDAA646B7 /* Resources */ = {
			isa = PBXGroup;
			children = (
				4825B1E8D3F4481F897EE61B /* Assets.xcassets */,
				617A84BBEC2892E85125D2E7 /* cards.json */,
				15E4C429A1B68CBAA781EE5C /* payment_steps.json */,
			);
			path = Resources;
			sourceTree = "<group>";
		};
		A20FB018C4D62E8FAD982385 /* Views */ = {
			isa = PBXGroup;
			children = (
				7417ADC103DDD193E2AC3E52 /* HomeView.swift */,
				697002FA3DCC3C101538827A /* Cards */,
				294FC4B1D26D6BEC309114BB /* Journey */,
				83573C1C73939B31301DC19F /* Onboarding */,
				C4D6B1871C46F4A8EFFA371E /* Payment */,
				2F5A34F5555557E4DAB42207 /* Translate */,
			);
			path = Views;
			sourceTree = "<group>";
		};
		C4D6B1871C46F4A8EFFA371E /* Payment */ = {
			isa = PBXGroup;
			children = (
				A5C11BCBCC3B85ADD15D5E9B /* PaymentStepView.swift */,
				6F847446033E5C2AA8D51C41 /* PaymentWizardView.swift */,
			);
			path = Payment;
			sourceTree = "<group>";
		};
		CC2F2FC32762382C7C205AB6 /* ViewModels */ = {
			isa = PBXGroup;
			children = (
				B0E07AD4E08FB59056B4DA29 /* CameraViewModel.swift */,
				3E786E6BFECD182EC4672F01 /* CardLibraryViewModel.swift */,
				644E075540990884EE0C9AF0 /* PaymentWizardViewModel.swift */,
			);
			path = ViewModels;
			sourceTree = "<group>";
		};
		EBD5A5514117072DB2C3D404 /* Models */ = {
			isa = PBXGroup;
			children = (
				5E71758195DDBF9ACA753E16 /* Card.swift */,
				5ED53C7F487F31104F863207 /* FavouritesStore.swift */,
				3DDDDC5E0D99C758F06F2F7B /* PaymentStep.swift */,
			);
			path = Models;
			sourceTree = "<group>";
		};
/* End PBXGroup section */

/* Begin PBXNativeTarget section */
		F910E459D6FBED335E0D98F5 /* Laowai */ = {
			isa = PBXNativeTarget;
			buildConfigurationList = 5BB963CDE34337178D27834C /* Build configuration list for PBXNativeTarget "Laowai" */;
			buildPhases = (
				758D6349740E0522B941BDDB /* Sources */,
				461CF8704C31591A8544ABB1 /* Resources */,
			);
			buildRules = (
			);
			dependencies = (
			);
			name = Laowai;
			packageProductDependencies = (
			);
			productName = Laowai;
			productReference = 8BA7E4D67CF3A7F95DED7A5E /* Laowai.app */;
			productType = "com.apple.product-type.application";
		};
/* End PBXNativeTarget section */

/* Begin PBXProject section */
		1A303133706583DC474CF259 /* Project object */ = {
			isa = PBXProject;
			attributes = {
				BuildIndependentTargetsInParallel = YES;
				LastUpgradeCheck = 1430;
				TargetAttributes = {
				};
			};
			buildConfigurationList = C5DE6668FCED2ACEC52F4610 /* Build configuration list for PBXProject "Laowai" */;
			developmentRegion = en;
			hasScannedForEncodings = 0;
			knownRegions = (
				Base,
				en,
			);
			mainGroup = 7A068A500804CBDD762F73FD;
			minimizedProjectReferenceProxies = 1;
			preferredProjectObjectVersion = 77;
			productRefGroup = 5AF7A56ED2E56A89E430C395 /* Products */;
			projectDirPath = "";
			projectRoot = "";
			targets = (
				F910E459D6FBED335E0D98F5 /* Laowai */,
			);
		};
/* End PBXProject section */

/* Begin PBXResourcesBuildPhase section */
		461CF8704C31591A8544ABB1 /* Resources */ = {
			isa = PBXResourcesBuildPhase;
			buildActionMask = 2147483647;
			files = (
				FFB0EC13EC4D8B364466415E /* Assets.xcassets in Resources */,
				1317EE0613B9233C5A27A83F /* cards.json in Resources */,
				0C3684F7180A98FFFB9FE808 /* payment_steps.json in Resources */,
			);
			runOnlyForDeploymentPostprocessing = 0;
		};
/* End PBXResourcesBuildPhase section */

/* Begin PBXSourcesBuildPhase section */
		758D6349740E0522B941BDDB /* Sources */ = {
			isa = PBXSourcesBuildPhase;
			buildActionMask = 2147483647;
			files = (
				2E55E4D953C0C7A26C0B4EFC /* AppState.swift in Sources */,
				8B66658447C21421888199AD /* CameraTranslateView.swift in Sources */,
				4C0FF976F41C7DD807FE4F2F /* CameraViewModel.swift in Sources */,
				D23A5B66CF493A8705938238 /* Card.swift in Sources */,
				4C8792AD24E22DA7B10DDD62 /* CardLibraryView.swift in Sources */,
				25F1BB89DA5220564DA02C1F /* CardLibraryViewModel.swift in Sources */,
				2444DBB4804BBE5BBF5646FD /* Color+Hex.swift in Sources */,
				40FCD0397F8BE626CBFCEDD8 /* FavouritesStore.swift in Sources */,
				D296CC00475CD32D8873FD7F /* HomeView.swift in Sources */,
				D1ED56F8CD1DC7C4D16C17F6 /* JourneyView.swift in Sources */,
				411BBD892AFAF84C6AC8BA83 /* LaowaiApp.swift in Sources */,
				104FA22614904CEDF26C58A0 /* OnboardingView.swift in Sources */,
				84F6E0458D1C59FF24FEC6AA /* PaymentStep.swift in Sources */,
				4958FD2B94B01429D86F1273 /* PaymentStepView.swift in Sources */,
				16D5CA543E7B518B8DFBE239 /* PaymentWizardView.swift in Sources */,
				3BC0C8EF7AFABD044868A3A3 /* PaymentWizardViewModel.swift in Sources */,
				E35D9AF2759DCD674ED6BB7B /* ShowAndPointView.swift in Sources */,
			);
			runOnlyForDeploymentPostprocessing = 0;
		};
/* End PBXSourcesBuildPhase section */

/* Begin XCBuildConfiguration section */
		0144FA3A1D58F37C36EA4EF9 /* Release */ = {
			isa = XCBuildConfiguration;
			buildSettings = {
				ASSETCATALOG_COMPILER_APPICON_NAME = AppIcon;
				ASSETCATALOG_COMPILER_GLOBAL_ACCENT_COLOR_NAME = AccentColor;
				CODE_SIGN_IDENTITY = "iPhone Developer";
				CURRENT_PROJECT_VERSION = 1;
				INFOPLIST_FILE = Laowai/Info.plist;
				LD_RUNPATH_SEARCH_PATHS = (
					"$(inherited)",
					"@executable_path/Frameworks",
				);
				MARKETING_VERSION = 1.0;
				PRODUCT_BUNDLE_IDENTIFIER = com.codefern.laowai;
				SDKROOT = iphoneos;
				SWIFT_VERSION = 5.10;
				TARGETED_DEVICE_FAMILY = "1,2";
			};
			name = Release;
		};
		596ACB56D841CA8BE12CD005 /* Release */ = {
			isa = XCBuildConfiguration;
			buildSettings = {
				ALWAYS_SEARCH_USER_PATHS = NO;
				CLANG_ANALYZER_NONNULL = YES;
				CLANG_ANALYZER_NUMBER_OBJECT_CONVERSION = YES_AGGRESSIVE;
				CLANG_CXX_LANGUAGE_STANDARD = "gnu++14";
				CLANG_CXX_LIBRARY = "libc++";
				CLANG_ENABLE_MODULES = YES;
				CLANG_ENABLE_OBJC_ARC = YES;
				CLANG_ENABLE_OBJC_WEAK = YES;
				CLANG_WARN_BLOCK_CAPTURE_AUTORELEASING = YES;
				CLANG_WARN_BOOL_CONVERSION = YES;
				CLANG_WARN_COMMA = YES;
				CLANG_WARN_CONSTANT_CONVERSION = YES;
				CLANG_WARN_DEPRECATED_OBJC_IMPLEMENTATIONS = YES;
				CLANG_WARN_DIRECT_OBJC_ISA_USAGE = YES_ERROR;
				CLANG_WARN_DOCUMENTATION_COMMENTS = YES;
				CLANG_WARN_EMPTY_BODY = YES;
				CLANG_WARN_ENUM_CONVERSION = YES;
				CLANG_WARN_INFINITE_RECURSION = YES;
				CLANG_WARN_INT_CONVERSION = YES;
				CLANG_WARN_NON_LITERAL_NULL_CONVERSION = YES;
				CLANG_WARN_OBJC_IMPLICIT_RETAIN_SELF = YES;
				CLANG_WARN_OBJC_LITERAL_CONVERSION = YES;
				CLANG_WARN_OBJC_ROOT_CLASS = YES_ERROR;
				CLANG_WARN_QUOTED_INCLUDE_IN_FRAMEWORK_HEADER = YES;
				CLANG_WARN_RANGE_LOOP_ANALYSIS = YES;
				CLANG_WARN_STRICT_PROTOTYPES = YES;
				CLANG_WARN_SUSPICIOUS_MOVE = YES;
				CLANG_WARN_UNGUARDED_AVAILABILITY = YES_AGGRESSIVE;
				CLANG_WARN_UNREACHABLE_CODE = YES;
				CLANG_WARN__DUPLICATE_METHOD_MATCH = YES;
				COPY_PHASE_STRIP = NO;
				DEBUG_INFORMATION_FORMAT = "dwarf-with-dsym";
				ENABLE_NS_ASSERTIONS = NO;
				ENABLE_STRICT_OBJC_MSGSEND = YES;
				GCC_C_LANGUAGE_STANDARD = gnu11;
				GCC_NO_COMMON_BLOCKS = YES;
				GCC_WARN_64_TO_32_BIT_CONVERSION = YES;
				GCC_WARN_ABOUT_RETURN_TYPE = YES_ERROR;
				GCC_WARN_UNDECLARED_SELECTOR = YES;
				GCC_WARN_UNINITIALIZED_AUTOS = YES_AGGRESSIVE;
				GCC_WARN_UNUSED_FUNCTION = YES;
				GCC_WARN_UNUSED_VARIABLE = YES;
				IPHONEOS_DEPLOYMENT_TARGET = 17.0;
				MTL_ENABLE_DEBUG_INFO = NO;
				MTL_FAST_MATH = YES;
				PRODUCT_NAME = "$(TARGET_NAME)";
				SDKROOT = iphoneos;
				SWIFT_COMPILATION_MODE = wholemodule;
				SWIFT_OPTIMIZATION_LEVEL = "-O";
				SWIFT_VERSION = 5.0;
			};
			name = Release;
		};
		66BB1CF0913BF8DFF0FE3867 /* Debug */ = {
			isa = XCBuildConfiguration;
			buildSettings = {
				ASSETCATALOG_COMPILER_APPICON_NAME = AppIcon;
				ASSETCATALOG_COMPILER_GLOBAL_ACCENT_COLOR_NAME = AccentColor;
				CODE_SIGN_IDENTITY = "iPhone Developer";
				CURRENT_PROJECT_VERSION = 1;
				INFOPLIST_FILE = Laowai/Info.plist;
				LD_RUNPATH_SEARCH_PATHS = (
					"$(inherited)",
					"@executable_path/Frameworks",
				);
				MARKETING_VERSION = 1.0;
				PRODUCT_BUNDLE_IDENTIFIER = com.codefern.laowai;
				SDKROOT = iphoneos;
				SWIFT_VERSION = 5.10;
				TARGETED_DEVICE_FAMILY = "1,2";
			};
			name = Debug;
		};
		BC992A79627B45902686A9EB /* Debug */ = {
			isa = XCBuildConfiguration;
			buildSettings = {
				ALWAYS_SEARCH_USER_PATHS = NO;
				CLANG_ANALYZER_NONNULL = YES;
				CLANG_ANALYZER_NUMBER_OBJECT_CONVERSION = YES_AGGRESSIVE;
				CLANG_CXX_LANGUAGE_STANDARD = "gnu++14";
				CLANG_CXX_LIBRARY = "libc++";
				CLANG_ENABLE_MODULES = YES;
				CLANG_ENABLE_OBJC_ARC = YES;
				CLANG_ENABLE_OBJC_WEAK = YES;
				CLANG_WARN_BLOCK_CAPTURE_AUTORELEASING = YES;
				CLANG_WARN_BOOL_CONVERSION = YES;
				CLANG_WARN_COMMA = YES;
				CLANG_WARN_CONSTANT_CONVERSION = YES;
				CLANG_WARN_DEPRECATED_OBJC_IMPLEMENTATIONS = YES;
				CLANG_WARN_DIRECT_OBJC_ISA_USAGE = YES_ERROR;
				CLANG_WARN_DOCUMENTATION_COMMENTS = YES;
				CLANG_WARN_EMPTY_BODY = YES;
				CLANG_WARN_ENUM_CONVERSION = YES;
				CLANG_WARN_INFINITE_RECURSION = YES;
				CLANG_WARN_INT_CONVERSION = YES;
				CLANG_WARN_NON_LITERAL_NULL_CONVERSION = YES;
				CLANG_WARN_OBJC_IMPLICIT_RETAIN_SELF = YES;
				CLANG_WARN_OBJC_LITERAL_CONVERSION = YES;
				CLANG_WARN_OBJC_ROOT_CLASS = YES_ERROR;
				CLANG_WARN_QUOTED_INCLUDE_IN_FRAMEWORK_HEADER = YES;
				CLANG_WARN_RANGE_LOOP_ANALYSIS = YES;
				CLANG_WARN_STRICT_PROTOTYPES = YES;
				CLANG_WARN_SUSPICIOUS_MOVE = YES;
				CLANG_WARN_UNGUARDED_AVAILABILITY = YES_AGGRESSIVE;
				CLANG_WARN_UNREACHABLE_CODE = YES;
				CLANG_WARN__DUPLICATE_METHOD_MATCH = YES;
				COPY_PHASE_STRIP = NO;
				DEBUG_INFORMATION_FORMAT = dwarf;
				ENABLE_STRICT_OBJC_MSGSEND = YES;
				ENABLE_TESTABILITY = YES;
				GCC_C_LANGUAGE_STANDARD = gnu11;
				GCC_DYNAMIC_NO_PIC = NO;
				GCC_NO_COMMON_BLOCKS = YES;
				GCC_OPTIMIZATION_LEVEL = 0;
				GCC_PREPROCESSOR_DEFINITIONS = (
					"$(inherited)",
					"DEBUG=1",
				);
				GCC_WARN_64_TO_32_BIT_CONVERSION = YES;
				GCC_WARN_ABOUT_RETURN_TYPE = YES_ERROR;
				GCC_WARN_UNDECLARED_SELECTOR = YES;
				GCC_WARN_UNINITIALIZED_AUTOS = YES_AGGRESSIVE;
				GCC_WARN_UNUSED_FUNCTION = YES;
				GCC_WARN_UNUSED_VARIABLE = YES;
				IPHONEOS_DEPLOYMENT_TARGET = 17.0;
				MTL_ENABLE_DEBUG_INFO = INCLUDE_SOURCE;
				MTL_FAST_MATH = YES;
				ONLY_ACTIVE_ARCH = YES;
				PRODUCT_NAME = "$(TARGET_NAME)";
				SDKROOT = iphoneos;
				SWIFT_ACTIVE_COMPILATION_CONDITIONS = DEBUG;
				SWIFT_OPTIMIZATION_LEVEL = "-Onone";
				SWIFT_VERSION = 5.0;
			};
			name = Debug;
		};
/* End XCBuildConfiguration section */

/* Begin XCConfigurationList section */
		5BB963CDE34337178D27834C /* Build configuration list for PBXNativeTarget "Laowai" */ = {
			isa = XCConfigurationList;
			buildConfigurations = (
				66BB1CF0913BF8DFF0FE3867 /* Debug */,
				0144FA3A1D58F37C36EA4EF9 /* Release */,
			);
			defaultConfigurationIsVisible = 0;
			defaultConfigurationName = Debug;
		};
		C5DE6668FCED2ACEC52F4610 /* Build configuration list for PBXProject "Laowai" */ = {
			isa = XCConfigurationList;
			buildConfigurations = (
				BC992A79627B45902686A9EB /* Debug */,
				596ACB56D841CA8BE12CD005 /* Release */,
			);
			defaultConfigurationIsVisible = 0;
			defaultConfigurationName = Debug;
		};
/* End XCConfigurationList section */
	};
	rootObject = 1A303133706583DC474CF259 /* Project object */;
}
